// !$*UTF8*$!
{
	archiveVersion = 1;
	classes = {
	};
	objectVersion = 46;
	objects = {

/* Begin PBXBuildFile section */
		C740DFD71A8E947800CEBD3B /* AppDelegate.swift in Sources */ = {isa = PBXBuildFile; fileRef = C740DFD61A8E947800CEBD3B /* AppDelegate.swift */; };
		C740DFDC1A8E947800CEBD3B /* Main.storyboard in Resources */ = {isa = PBXBuildFile; fileRef = C740DFDA1A8E947800CEBD3B /* Main.storyboard */; };
		C740DFDE1A8E947800CEBD3B /* Images.xcassets in Resources */ = {isa = PBXBuildFile; fileRef = C740DFDD1A8E947800CEBD3B /* Images.xcassets */; };
		C740DFE11A8E947800CEBD3B /* LaunchScreen.xib in Resources */ = {isa = PBXBuildFile; fileRef = C740DFDF1A8E947800CEBD3B /* LaunchScreen.xib */; };
		C740DFED1A8E947800CEBD3B /* CalculatorTests.swift in Sources */ = {isa = PBXBuildFile; fileRef = C740DFEC1A8E947800CEBD3B /* CalculatorTests.swift */; };
		C740DFF71A8E94B100CEBD3B /* CalculatorViewController.swift in Sources */ = {isa = PBXBuildFile; fileRef = C740DFF61A8E94B100CEBD3B /* CalculatorViewController.swift */; };
		C740DFF91A8E94C200CEBD3B /* RPNCalculator.swift in Sources */ = {isa = PBXBuildFile; fileRef = C740DFF81A8E94C200CEBD3B /* RPNCalculator.swift */; };
		C7FE8DC51A8EB93D00063462 /* HistoryLabel.swift in Sources */ = {isa = PBXBuildFile; fileRef = C7FE8DC41A8EB93D00063462 /* HistoryLabel.swift */; };
/* End PBXBuildFile section */

/* Begin PBXContainerItemProxy section */
		C740DFE71A8E947800CEBD3B /* PBXContainerItemProxy */ = {
			isa = PBXContainerItemProxy;
			containerPortal = C740DFC91A8E947700CEBD3B /* Project object */;
			proxyType = 1;
			remoteGlobalIDString = C740DFD01A8E947800CEBD3B;
			remoteInfo = Calculator;
		};
/* End PBXContainerItemProxy section */

/* Begin PBXFileReference section */
		C740DFD11A8E947800CEBD3B /* Calculator.app */ = {isa = PBXFileReference; explicitFileType = wrapper.application; includeInIndex = 0; path = Calculator.app; sourceTree = BUILT_PRODUCTS_DIR; };
		C740DFD51A8E947800CEBD3B /* Info.plist */ = {isa = PBXFileReference; lastKnownFileType = text.plist.xml; path = Info.plist; sourceTree = "<group>"; };
		C740DFD61A8E947800CEBD3B /* AppDelegate.swift */ = {isa = PBXFileReference; lastKnownFileType = sourcecode.swift; path = AppDelegate.swift; sourceTree = "<group>"; };
		C740DFDB1A8E947800CEBD3B /* Base */ = {isa = PBXFileReference; lastKnownFileType = file.storyboard; name = Base; path = Base.lproj/Main.storyboard; sourceTree = "<group>"; };
		C740DFDD1A8E947800CEBD3B /* Images.xcassets */ = {isa = PBXFileReference; lastKnownFileType = folder.assetcatalog; path = Images.xcassets; sourceTree = "<group>"; };
		C740DFE01A8E947800CEBD3B /* Base */ = {isa = PBXFileReference; lastKnownFileType = file.xib; name = Base; path = Base.lproj/LaunchScreen.xib; sourceTree = "<group>"; };
		C740DFE61A8E947800CEBD3B /* CalculatorTests.xctest */ = {isa = PBXFileReference; explicitFileType = wrapper.cfbundle; includeInIndex = 0; path = CalculatorTests.xctest; sourceTree = BUILT_PRODUCTS_DIR; };
		C740DFEB1A8E947800CEBD3B /* Info.plist */ = {isa = PBXFileReference; lastKnownFileType = text.plist.xml; path = Info.plist; sourceTree = "<group>"; };
		C740DFEC1A8E947800CEBD3B /* CalculatorTests.swift */ = {isa = PBXFileReference; lastKnownFileType = sourcecode.swift; path = CalculatorTests.swift; sourceTree = "<group>"; };
		C740DFF61A8E94B100CEBD3B /* CalculatorViewController.swift */ = {isa = PBXFileReference; fileEncoding = 4; lastKnownFileType = sourcecode.swift; path = CalculatorViewController.swift; sourceTree = "<group>"; };
		C740DFF81A8E94C200CEBD3B /* RPNCalculator.swift */ = {isa = PBXFileReference; fileEncoding = 4; lastKnownFileType = sourcecode.swift; path = RPNCalculator.swift; sourceTree = "<group>"; };
		C7FE8DC41A8EB93D00063462 /* HistoryLabel.swift */ = {isa = PBXFileReference; fileEncoding = 4; lastKnownFileType = sourcecode.swift; path = HistoryLabel.swift; sourceTree = "<group>"; };
/* End PBXFileReference section */

/* Begin PBXFrameworksBuildPhase section */
		C740DFCE1A8E947800CEBD3B /* Frameworks */ = {
			isa = PBXFrameworksBuildPhase;
			buildActionMask = 2147483647;
			files = (
			);
			runOnlyForDeploymentPostprocessing = 0;
		};
		C740DFE31A8E947800CEBD3B /* Frameworks */ = {
			isa = PBXFrameworksBuildPhase;
			buildActionMask = 2147483647;
			files = (
			);
			runOnlyForDeploymentPostprocessing = 0;
		};
/* End PBXFrameworksBuildPhase section */

/* Begin PBXGroup section */
		C740DFC81A8E947700CEBD3B = {
			isa = PBXGroup;
			children = (
				C740DFD31A8E947800CEBD3B /* Calculator */,
				C740DFE91A8E947800CEBD3B /* CalculatorTests */,
				C740DFD21A8E947800CEBD3B /* Products */,
			);
			sourceTree = "<group>";
		};
		C740DFD21A8E947800CEBD3B /* Products */ = {
			isa = PBXGroup;
			children = (
				C740DFD11A8E947800CEBD3B /* Calculator.app */,
				C740DFE61A8E947800CEBD3B /* CalculatorTests.xctest */,
			);
			name = Products;
			sourceTree = "<group>";
		};
		C740DFD31A8E947800CEBD3B /* Calculator */ = {
			isa = PBXGroup;
			children = (
				C740DFD61A8E947800CEBD3B /* AppDelegate.swift */,
				C740DFDA1A8E947800CEBD3B /* Main.storyboard */,
				C7FE8DC41A8EB93D00063462 /* HistoryLabel.swift */,
				C740DFF61A8E94B100CEBD3B /* CalculatorViewController.swift */,
				C740DFF81A8E94C200CEBD3B /* RPNCalculator.swift */,
				C740DFD41A8E947800CEBD3B /* Supporting Files */,
			);
			path = Calculator;
			sourceTree = "<group>";
		};
		C740DFD41A8E947800CEBD3B /* Supporting Files */ = {
			isa = PBXGroup;
			children = (
				C740DFDD1A8E947800CEBD3B /* Images.xcassets */,
				C740DFDF1A8E947800CEBD3B /* LaunchScreen.xib */,
				C740DFD51A8E947800CEBD3B /* Info.plist */,
			);
			name = "Supporting Files";
			sourceTree = "<group>";
		};
		C740DFE91A8E947800CEBD3B /* CalculatorTests */ = {
			isa = PBXGroup;
			children = (
				C740DFEC1A8E947800CEBD3B /* CalculatorTests.swift */,
				C740DFEA1A8E947800CEBD3B /* Supporting Files */,
			);
			path = CalculatorTests;
			sourceTree = "<group>";
		};
		C740DFEA1A8E947800CEBD3B /* Supporting Files */ = {
			isa = PBXGroup;
			children = (
				C740DFEB1A8E947800CEBD3B /* Info.plist */,
			);
			name = "Supporting Files";
			sourceTree = "<group>";
		};
/* End PBXGroup section */

/* Begin PBXNativeTarget section */
		C740DFD01A8E947800CEBD3B /* Calculator */ = {
			isa = PBXNativeTarget;
			buildConfigurationList = C740DFF01A8E947800CEBD3B /* Build configuration list for PBXNativeTarget "Calculator" */;
			buildPhases = (
				C740DFCD1A8E947800CEBD3B /* Sources */,
				C740DFCE1A8E947800CEBD3B /* Frameworks */,
				C740DFCF1A8E947800CEBD3B /* Resources */,
			);
			buildRules = (
			);
			dependencies = (
			);
			name = Calculator;
			productName = Calculator;
			productReference = C740DFD11A8E947800CEBD3B /* Calculator.app */;
			productType = "com.apple.product-type.application";
		};
		C740DFE51A8E947800CEBD3B /* CalculatorTests */ = {
			isa = PBXNativeTarget;
			buildConfigurationList = C740DFF31A8E947800CEBD3B /* Build configuration list for PBXNativeTarget "CalculatorTests" */;
			buildPhases = (
				C740DFE21A8E947800CEBD3B /* Sources */,
				C740DFE31A8E947800CEBD3B /* Frameworks */,
				C740DFE41A8E947800CEBD3B /* Resources */,
			);
			buildRules = (
			);
			dependencies = (
				C740DFE81A8E947800CEBD3B /* PBXTargetDependency */,
			);
			name = CalculatorTests;
			productName = CalculatorTests;
			productReference = C740DFE61A8E947800CEBD3B /* CalculatorTests.xctest */;
			productType = "com.apple.product-type.bundle.unit-test";
		};
/* End PBXNativeTarget section */

/* Begin PBXProject section */
		C740DFC91A8E947700CEBD3B /* Project object */ = {
			isa = PBXProject;
			attributes = {
				LastUpgradeCheck = 0610;
				ORGANIZATIONNAME = "Luca Pesavento";
				TargetAttributes = {
					C740DFD01A8E947800CEBD3B = {
						CreatedOnToolsVersion = 6.1.1;
					};
					C740DFE51A8E947800CEBD3B = {
						CreatedOnToolsVersion = 6.1.1;
						TestTargetID = C740DFD01A8E947800CEBD3B;
					};
				};
			};
			buildConfigurationList = C740DFCC1A8E947700CEBD3B /* Build configuration list for PBXProject "Calculator" */;
			compatibilityVersion = "Xcode 3.2";
			developmentRegion = English;
			hasScannedForEncodings = 0;
			knownRegions = (
				en,
				Base,
			);
			mainGroup = C740DFC81A8E947700CEBD3B;
			productRefGroup = C740DFD21A8E947800CEBD3B /* Products */;
			projectDirPath = "";
			projectRoot = "";
			targets = (
				C740DFD01A8E947800CEBD3B /* Calculator */,
				C740DFE51A8E947800CEBD3B /* CalculatorTests */,
			);
		};
/* End PBXProject section */

/* Begin PBXResourcesBuildPhase section */
		C740DFCF1A8E947800CEBD3B /* Resources */ = {
			isa = PBXResourcesBuildPhase;
			buildActionMask = 2147483647;
			files = (
				C740DFDC1A8E947800CEBD3B /* Main.storyboard in Resources */,
				C740DFE11A8E947800CEBD3B /* LaunchScreen.xib in Resources */,
				C740DFDE1A8E947800CEBD3B /* Images.xcassets in Resources */,
			);
			runOnlyForDeploymentPostprocessing = 0;
		};
		C740DFE41A8E947800CEBD3B /* Resources */ = {
			isa = PBXResourcesBuildPhase;
			buildActionMask = 2147483647;
			files = (
			);
			runOnlyForDeploymentPostprocessing = 0;
		};
/* End PBXResourcesBuildPhase section */

/* Begin PBXSourcesBuildPhase section */
		C740DFCD1A8E947800CEBD3B /* Sources */ = {
			isa = PBXSourcesBuildPhase;
			buildActionMask = 2147483647;
			files = (
				C740DFF71A8E94B100CEBD3B /* CalculatorViewController.swift in Sources */,
				C740DFF91A8E94C200CEBD3B /* RPNCalculator.swift in Sources */,
				C740DFD71A8E947800CEBD3B /* AppDelegate.swift in Sources */,
				C7FE8DC51A8EB93D00063462 /* HistoryLabel.swift in Sources */,
			);
			runOnlyForDeploymentPostprocessing = 0;
		};
		C740DFE21A8E947800CEBD3B /* Sources */ = {
			isa = PBXSourcesBuildPhase;
			buildActionMask = 2147483647;
			files = (
				C740DFED1A8E947800CEBD3B /* CalculatorTests.swift in Sources */,
			);
			runOnlyForDeploymentPostprocessing = 0;
		};
/* End PBXSourcesBuildPhase section */

/* Begin PBXTargetDependency section */
		C740DFE81A8E947800CEBD3B /* PBXTargetDependency */ = {
			isa = PBXTargetDependency;
			target = C740DFD01A8E947800CEBD3B /* Calculator */;
			targetProxy = C740DFE71A8E947800CEBD3B /* PBXContainerItemProxy */;
		};
/* End PBXTargetDependency section */

/* Begin PBXVariantGroup section */
		C740DFDA1A8E947800CEBD3B /* Main.storyboard */ = {
			isa = PBXVariantGroup;
			children = (
				C740DFDB1A8E947800CEBD3B /* Base */,
			);
			name = Main.storyboard;
			sourceTree = "<group>";
		};
		C740DFDF1A8E947800CEBD3B /* LaunchScreen.xib */ = {
			isa = PBXVariantGroup;
			children = (
				C740DFE01A8E947800CEBD3B /* Base */,
			);
			name = LaunchScreen.xib;
			sourceTree = "<group>";
		};
/* End PBXVariantGroup section */

/* Begin XCBuildConfiguration section */
		C740DFEE1A8E947800CEBD3B /* Debug */ = {
			isa = XCBuildConfiguration;
			buildSettings = {
				ALWAYS_SEARCH_USER_PATHS = NO;
				CLANG_CXX_LANGUAGE_STANDARD = "gnu++0x";
				CLANG_CXX_LIBRARY = "libc++";
				CLANG_ENABLE_MODULES = YES;
				CLANG_ENABLE_OBJC_ARC = YES;
				CLANG_WARN_BOOL_CONVERSION = YES;
				CLANG_WARN_CONSTANT_CONVERSION = YES;
				CLANG_WARN_DIRECT_OBJC_ISA_USAGE = YES_ERROR;
				CLANG_WARN_EMPTY_BODY = YES;
				CLANG_WARN_ENUM_CONVERSION = YES;
				CLANG_WARN_INT_CONVERSION = YES;
				CLANG_WARN_OBJC_ROOT_CLASS = YES_ERROR;
				CLANG_WARN_UNREACHABLE_CODE = YES;
				CLANG_WARN__DUPLICATE_METHOD_MATCH = YES;
				"CODE_SIGN_IDENTITY[sdk=iphoneos*]" = "iPhone Developer";
				COPY_PHASE_STRIP = NO;
				ENABLE_STRICT_OBJC_MSGSEND = YES;
				GCC_C_LANGUAGE_STANDARD = gnu99;
				GCC_DYNAMIC_NO_PIC = NO;
				GCC_OPTIMIZATION_LEVEL = 0;
				GCC_PREPROCESSOR_DEFINITIONS = (
					"DEBUG=1",
					"$(inherited)",
				);
				GCC_SYMBOLS_PRIVATE_EXTERN = NO;
				GCC_WARN_64_TO_32_BIT_CONVERSION = YES;
				GCC_WARN_ABOUT_RETURN_TYPE = YES_ERROR;
				GCC_WARN_UNDECLARED_SELECTOR = YES;
				GCC_WARN_UNINITIALIZED_AUTOS = YES_AGGRESSIVE;
				GCC_WARN_UNUSED_FUNCTION = YES;
				GCC_WARN_UNUSED_VARIABLE = YES;
				IPHONEOS_DEPLOYMENT_TARGET = 8.1;
				MTL_ENABLE_DEBUG_INFO = YES;
				ONLY_ACTIVE_ARCH = YES;
				SDKROOT = iphoneos;
				SWIFT_OPTIMIZATION_LEVEL = "-Onone";
			};
			name = Debug;
		};
		C740DFEF1A8E947800CEBD3B /* Release */ = {
			isa = XCBuildConfiguration;
			buildSettings = {
				ALWAYS_SEARCH_USER_PATHS = NO;
				CLANG_CXX_LANGUAGE_STANDARD = "gnu++0x";
				CLANG_CXX_LIBRARY = "libc++";
				CLANG_ENABLE_MODULES = YES;
				CLANG_ENABLE_OBJC_ARC = YES;
				CLANG_WARN_BOOL_CONVERSION = YES;
				CLANG_WARN_CONSTANT_CONVERSION = YES;
				CLANG_WARN_DIRECT_OBJC_ISA_USAGE = YES_ERROR;
				CLANG_WARN_EMPTY_BODY = YES;
				CLANG_WARN_ENUM_CONVERSION = YES;
				CLANG_WARN_INT_CONVERSION = YES;
				CLANG_WARN_OBJC_ROOT_CLASS = YES_ERROR;
				CLANG_WARN_UNREACHABLE_CODE = YES;
				CLANG_WARN__DUPLICATE_METHOD_MATCH = YES;
				"CODE_SIGN_IDENTITY[sdk=iphoneos*]" = "iPhone Developer";
				COPY_PHASE_STRIP = YES;
				ENABLE_NS_ASSERTIONS = NO;
				ENABLE_STRICT_OBJC_MSGSEND = YES;
				GCC_C_LANGUAGE_STANDARD = gnu99;
				GCC_WARN_64_TO_32_BIT_CONVERSION = YES;
				GCC_WARN_ABOUT_RETURN_TYPE = YES_ERROR;
				GCC_WARN_UNDECLARED_SELECTOR = YES;
				GCC_WARN_UNINITIALIZED_AUTOS = YES_AGGRESSIVE;
				GCC_WARN_UNUSED_FUNCTION = YES;
				GCC_WARN_UNUSED_VARIABLE = YES;
				IPHONEOS_DEPLOYMENT_TARGET = 8.1;
				MTL_ENABLE_DEBUG_INFO = NO;
				SDKROOT = iphoneos;
				VALIDATE_PRODUCT = YES;
			};
			name = Release;
		};
		C740DFF11A8E947800CEBD3B /* Debug */ = {
			isa = XCBuildConfiguration;
			buildSettings = {
				ASSETCATALOG_COMPILER_APPICON_NAME = AppIcon;
				INFOPLIST_FILE = Calculator/Info.plist;
				LD_RUNPATH_SEARCH_PATHS = "$(inherited) @executable_path/Frameworks";
				PRODUCT_NAME = "$(TARGET_NAME)";
			};
			name = Debug;
		};
		C740DFF21A8E947800CEBD3B /* Release */ = {
			isa = XCBuildConfiguration;
			buildSettings = {
				ASSETCATALOG_COMPILER_APPICON_NAME = AppIcon;
				INFOPLIST_FILE = Calculator/Info.plist;
				LD_RUNPATH_SEARCH_PATHS = "$(inherited) @executable_path/Frameworks";
				PRODUCT_NAME = "$(TARGET_NAME)";
			};
			name = Release;
		};
		C740DFF41A8E947800CEBD3B /* Debug */ = {
			isa = XCBuildConfiguration;
			buildSettings = {
				BUNDLE_LOADER = "$(TEST_HOST)";
				FRAMEWORK_SEARCH_PATHS = (
					"$(SDKROOT)/Developer/Library/Frameworks",
					"$(inherited)",
				);
				GCC_PREPROCESSOR_DEFINITIONS = (
					"DEBUG=1",
					"$(inherited)",
				);
				INFOPLIST_FILE = CalculatorTests/Info.plist;
				LD_RUNPATH_SEARCH_PATHS = "$(inherited) @executable_path/Frameworks @loader_path/Frameworks";
				PRODUCT_NAME = "$(TARGET_NAME)";
				TEST_HOST = "$(BUILT_PRODUCTS_DIR)/Calculator.app/Calculator";
			};
			name = Debug;
		};
		C740DFF51A8E947800CEBD3B /* Release */ = {
			isa = XCBuildConfiguration;
			buildSettings = {
				BUNDLE_LOADER = "$(TEST_HOST)";
				FRAMEWORK_SEARCH_PATHS = (
					"$(SDKROOT)/Developer/Library/Frameworks",
					"$(inherited)",
				);
				INFOPLIST_FILE = CalculatorTests/Info.plist;
				LD_RUNPATH_SEARCH_PATHS = "$(inherited) @executable_path/Frameworks @loader_path/Frameworks";
				PRODUCT_NAME = "$(TARGET_NAME)";
				TEST_HOST = "$(BUILT_PRODUCTS_DIR)/Calculator.app/Calculator";
			};
			name = Release;
		};
/* End XCBuildConfiguration section */

/* Begin XCConfigurationList section */
		C740DFCC1A8E947700CEBD3B /* Build configuration list for PBXProject "Calculator" */ = {
			isa = XCConfigurationList;
			buildConfigurations = (
				C740DFEE1A8E947800CEBD3B /* Debug */,
				C740DFEF1A8E947800CEBD3B /* Release */,
			);
			defaultConfigurationIsVisible = 0;
			defaultConfigurationName = Release;
		};
		C740DFF01A8E947800CEBD3B /* Build configuration list for PBXNativeTarget "Calculator" */ = {
			isa = XCConfigurationList;
			buildConfigurations = (
				C740DFF11A8E947800CEBD3B /* Debug */,
				C740DFF21A8E947800CEBD3B /* Release */,
			);
			defaultConfigurationIsVisible = 0;
			defaultConfigurationName = Release;
		};
		C740DFF31A8E947800CEBD3B /* Build configuration list for PBXNativeTarget "CalculatorTests" */ = {
			isa = XCConfigurationList;
			buildConfigurations = (
				C740DFF41A8E947800CEBD3B /* Debug */,
				C740DFF51A8E947800CEBD3B /* Release */,
			);
			defaultConfigurationIsVisible = 0;
			defaultConfigurationName = Release;
		};
/* End XCConfigurationList section */
	};
	rootObject = C740DFC91A8E947700CEBD3B /* Project object */;
}
